// !$*UTF8*$!
{
	archiveVersion = 1;
	classes = {
	};
	objectVersion = 46;
	objects = {

/* Begin PBXBuildFile section */
		1FA545C21BE75D9F00B73FE7 /* main.m in Sources */ = {isa = PBXBuildFile; fileRef = 1FA545C11BE75D9F00B73FE7 /* main.m */; };
		1FA545C51BE75D9F00B73FE7 /* AppDelegate.m in Sources */ = {isa = PBXBuildFile; fileRef = 1FA545C41BE75D9F00B73FE7 /* AppDelegate.m */; };
		1FA545C81BE75D9F00B73FE7 /* ViewController.m in Sources */ = {isa = PBXBuildFile; fileRef = 1FA545C71BE75D9F00B73FE7 /* ViewController.m */; };
		1FA545CB1BE75D9F00B73FE7 /* Main.storyboard in Resources */ = {isa = PBXBuildFile; fileRef = 1FA545C91BE75D9F00B73FE7 /* Main.storyboard */; };
		1FA545CD1BE75D9F00B73FE7 /* Assets.xcassets in Resources */ = {isa = PBXBuildFile; fileRef = 1FA545CC1BE75D9F00B73FE7 /* Assets.xcassets */; };
		1FA545D01BE75D9F00B73FE7 /* LaunchScreen.storyboard in Resources */ = {isa = PBXBuildFile; fileRef = 1FA545CE1BE75D9F00B73FE7 /* LaunchScreen.storyboard */; };
		1FA545DB1BE75D9F00B73FE7 /* _D_TouchTests.m in Sources */ = {isa = PBXBuildFile; fileRef = 1FA545DA1BE75D9F00B73FE7 /* _D_TouchTests.m */; };
		1FA545E61BE75D9F00B73FE7 /* _D_TouchUITests.m in Sources */ = {isa = PBXBuildFile; fileRef = 1FA545E51BE75D9F00B73FE7 /* _D_TouchUITests.m */; };
/* End PBXBuildFile section */

/* Begin PBXContainerItemProxy section */
		1FA545D71BE75D9F00B73FE7 /* PBXContainerItemProxy */ = {
			isa = PBXContainerItemProxy;
			containerPortal = 1FA545B51BE75D9F00B73FE7 /* Project object */;
			proxyType = 1;
			remoteGlobalIDString = 1FA545BC1BE75D9F00B73FE7;
			remoteInfo = "3D-Touch";
		};
		1FA545E21BE75D9F00B73FE7 /* PBXContainerItemProxy */ = {
			isa = PBXContainerItemProxy;
			containerPortal = 1FA545B51BE75D9F00B73FE7 /* Project object */;
			proxyType = 1;
			remoteGlobalIDString = 1FA545BC1BE75D9F00B73FE7;
			remoteInfo = "3D-Touch";
		};
/* End PBXContainerItemProxy section */

/* Begin PBXFileReference section */
		1FA545BD1BE75D9F00B73FE7 /* 3D-Touch.app */ = {isa = PBXFileReference; explicitFileType = wrapper.application; includeInIndex = 0; path = "3D-Touch.app"; sourceTree = BUILT_PRODUCTS_DIR; };
		1FA545C11BE75D9F00B73FE7 /* main.m */ = {isa = PBXFileReference; lastKnownFileType = sourcecode.c.objc; path = main.m; sourceTree = "<group>"; };
		1FA545C31BE75D9F00B73FE7 /* AppDelegate.h */ = {isa = PBXFileReference; lastKnownFileType = sourcecode.c.h; path = AppDelegate.h; sourceTree = "<group>"; };
		1FA545C41BE75D9F00B73FE7 /* AppDelegate.m */ = {isa = PBXFileReference; lastKnownFileType = sourcecode.c.objc; path = AppDelegate.m; sourceTree = "<group>"; };
		1FA545C61BE75D9F00B73FE7 /* ViewController.h */ = {isa = PBXFileReference; lastKnownFileType = sourcecode.c.h; path = ViewController.h; sourceTree = "<group>"; };
		1FA545C71BE75D9F00B73FE7 /* ViewController.m */ = {isa = PBXFileReference; lastKnownFileType = sourcecode.c.objc; path = ViewController.m; sourceTree = "<group>"; };
		1FA545CA1BE75D9F00B73FE7 /* Base */ = {isa = PBXFileReference; lastKnownFileType = file.storyboard; name = Base; path = Base.lproj/Main.storyboard; sourceTree = "<group>"; };
		1FA545CC1BE75D9F00B73FE7 /* Assets.xcassets */ = {isa = PBXFileReference; lastKnownFileType = folder.assetcatalog; path = Assets.xcassets; sourceTree = "<group>"; };
		1FA545CF1BE75D9F00B73FE7 /* Base */ = {isa = PBXFileReference; lastKnownFileType = file.storyboard; name = Base; path = Base.lproj/LaunchScreen.storyboard; sourceTree = "<group>"; };
		1FA545D11BE75D9F00B73FE7 /* Info.plist */ = {isa = PBXFileReference; lastKnownFileType = text.plist.xml; path = Info.plist; sourceTree = "<group>"; };
		1FA545D61BE75D9F00B73FE7 /* 3D-TouchTests.xctest */ = {isa = PBXFileReference; explicitFileType = wrapper.cfbundle; includeInIndex = 0; path = "3D-TouchTests.xctest"; sourceTree = BUILT_PRODUCTS_DIR; };
		1FA545DA1BE75D9F00B73FE7 /* _D_TouchTests.m */ = {isa = PBXFileReference; lastKnownFileType = sourcecode.c.objc; path = _D_TouchTests.m; sourceTree = "<group>"; };
		1FA545DC1BE75D9F00B73FE7 /* Info.plist */ = {isa = PBXFileReference; lastKnownFileType = text.plist.xml; path = Info.plist; sourceTree = "<group>"; };
		1FA545E11BE75D9F00B73FE7 /* 3D-TouchUITests.xctest */ = {isa = PBXFileReference; explicitFileType = wrapper.cfbundle; includeInIndex = 0; path = "3D-TouchUITests.xctest"; sourceTree = BUILT_PRODUCTS_DIR; };
		1FA545E51BE75D9F00B73FE7 /* _D_TouchUITests.m */ = {isa = PBXFileReference; lastKnownFileType = sourcecode.c.objc; path = _D_TouchUITests.m; sourceTree = "<group>"; };
		1FA545E71BE75DA000B73FE7 /* Info.plist */ = {isa = PBXFileReference; lastKnownFileType = text.plist.xml; path = Info.plist; sourceTree = "<group>"; };
/* End PBXFileReference section */

/* Begin PBXFrameworksBuildPhase section */
		1FA545BA1BE75D9F00B73FE7 /* Frameworks */ = {
			isa = PBXFrameworksBuildPhase;
			buildActionMask = 2147483647;
			files = (
			);
			runOnlyForDeploymentPostprocessing = 0;
		};
		1FA545D31BE75D9F00B73FE7 /* Frameworks */ = {
			isa = PBXFrameworksBuildPhase;
			buildActionMask = 2147483647;
			files = (
			);
			runOnlyForDeploymentPostprocessing = 0;
		};
		1FA545DE1BE75D9F00B73FE7 /* Frameworks */ = {
			isa = PBXFrameworksBuildPhase;
			buildActionMask = 2147483647;
			files = (
			);
			runOnlyForDeploymentPostprocessing = 0;
		};
/* End PBXFrameworksBuildPhase section */

/* Begin PBXGroup section */
		1FA545B41BE75D9F00B73FE7 = {
			isa = PBXGroup;
			children = (
				1FA545BF1BE75D9F00B73FE7 /* 3D-Touch */,
				1FA545D91BE75D9F00B73FE7 /* 3D-TouchTests */,
				1FA545E41BE75D9F00B73FE7 /* 3D-TouchUITests */,
				1FA545BE1BE75D9F00B73FE7 /* Products */,
			);
			sourceTree = "<group>";
		};
		1FA545BE1BE75D9F00B73FE7 /* Products */ = {
			isa = PBXGroup;
			children = (
				1FA545BD1BE75D9F00B73FE7 /* 3D-Touch.app */,
				1FA545D61BE75D9F00B73FE7 /* 3D-TouchTests.xctest */,
				1FA545E11BE75D9F00B73FE7 /* 3D-TouchUITests.xctest */,
			);
			name = Products;
			sourceTree = "<group>";
		};
		1FA545BF1BE75D9F00B73FE7 /* 3D-Touch */ = {
			isa = PBXGroup;
			children = (
				1FA545C31BE75D9F00B73FE7 /* AppDelegate.h */,
				1FA545C41BE75D9F00B73FE7 /* AppDelegate.m */,
				1FA545C61BE75D9F00B73FE7 /* ViewController.h */,
				1FA545C71BE75D9F00B73FE7 /* ViewController.m */,
				1FA545C91BE75D9F00B73FE7 /* Main.storyboard */,
				1FA545CC1BE75D9F00B73FE7 /* Assets.xcassets */,
				1FA545CE1BE75D9F00B73FE7 /* LaunchScreen.storyboard */,
				1FA545D11BE75D9F00B73FE7 /* Info.plist */,
				1FA545C01BE75D9F00B73FE7 /* Supporting Files */,
			);
			path = "3D-Touch";
			sourceTree = "<group>";
		};
		1FA545C01BE75D9F00B73FE7 /* Supporting Files */ = {
			isa = PBXGroup;
			children = (
				1FA545C11BE75D9F00B73FE7 /* main.m */,
			);
			name = "Supporting Files";
			sourceTree = "<group>";
		};
		1FA545D91BE75D9F00B73FE7 /* 3D-TouchTests */ = {
			isa = PBXGroup;
			children = (
				1FA545DA1BE75D9F00B73FE7 /* _D_TouchTests.m */,
				1FA545DC1BE75D9F00B73FE7 /* Info.plist */,
			);
			path = "3D-TouchTests";
			sourceTree = "<group>";
		};
		1FA545E41BE75D9F00B73FE7 /* 3D-TouchUITests */ = {
			isa = PBXGroup;
			children = (
				1FA545E51BE75D9F00B73FE7 /* _D_TouchUITests.m */,
				1FA545E71BE75DA000B73FE7 /* Info.plist */,
			);
			path = "3D-TouchUITests";
			sourceTree = "<group>";
		};
/* End PBXGroup section */

/* Begin PBXNativeTarget section */
		1FA545BC1BE75D9F00B73FE7 /* 3D-Touch */ = {
			isa = PBXNativeTarget;
			buildConfigurationList = 1FA545EA1BE75DA000B73FE7 /* Build configuration list for PBXNativeTarget "3D-Touch" */;
			buildPhases = (
				1FA545B91BE75D9F00B73FE7 /* Sources */,
				1FA545BA1BE75D9F00B73FE7 /* Frameworks */,
				1FA545BB1BE75D9F00B73FE7 /* Resources */,
			);
			buildRules = (
			);
			dependencies = (
			);
			name = "3D-Touch";
			productName = "3D-Touch";
			productReference = 1FA545BD1BE75D9F00B73FE7 /* 3D-Touch.app */;
			productType = "com.apple.product-type.application";
		};
		1FA545D51BE75D9F00B73FE7 /* 3D-TouchTests */ = {
			isa = PBXNativeTarget;
			buildConfigurationList = 1FA545ED1BE75DA000B73FE7 /* Build configuration list for PBXNativeTarget "3D-TouchTests" */;
			buildPhases = (
				1FA545D21BE75D9F00B73FE7 /* Sources */,
				1FA545D31BE75D9F00B73FE7 /* Frameworks */,
				1FA545D41BE75D9F00B73FE7 /* Resources */,
			);
			buildRules = (
			);
			dependencies = (
				1FA545D81BE75D9F00B73FE7 /* PBXTargetDependency */,
			);
			name = "3D-TouchTests";
			productName = "3D-TouchTests";
			productReference = 1FA545D61BE75D9F00B73FE7 /* 3D-TouchTests.xctest */;
			productType = "com.apple.product-type.bundle.unit-test";
		};
		1FA545E01BE75D9F00B73FE7 /* 3D-TouchUITests */ = {
			isa = PBXNativeTarget;
			buildConfigurationList = 1FA545F01BE75DA000B73FE7 /* Build configuration list for PBXNativeTarget "3D-TouchUITests" */;
			buildPhases = (
				1FA545DD1BE75D9F00B73FE7 /* Sources */,
				1FA545DE1BE75D9F00B73FE7 /* Frameworks */,
				1FA545DF1BE75D9F00B73FE7 /* Resources */,
			);
			buildRules = (
			);
			dependencies = (
				1FA545E31BE75D9F00B73FE7 /* PBXTargetDependency */,
			);
			name = "3D-TouchUITests";
			productName = "3D-TouchUITests";
			productReference = 1FA545E11BE75D9F00B73FE7 /* 3D-TouchUITests.xctest */;
			productType = "com.apple.product-type.bundle.ui-testing";
		};
/* End PBXNativeTarget section */

/* Begin PBXProject section */
		1FA545B51BE75D9F00B73FE7 /* Project object */ = {
			isa = PBXProject;
			attributes = {
				LastUpgradeCheck = 0710;
				ORGANIZATIONNAME = "杜维欣";
				TargetAttributes = {
					1FA545BC1BE75D9F00B73FE7 = {
						CreatedOnToolsVersion = 7.1;
					};
					1FA545D51BE75D9F00B73FE7 = {
						CreatedOnToolsVersion = 7.1;
						TestTargetID = 1FA545BC1BE75D9F00B73FE7;
					};
					1FA545E01BE75D9F00B73FE7 = {
						CreatedOnToolsVersion = 7.1;
						TestTargetID = 1FA545BC1BE75D9F00B73FE7;
					};
				};
			};
			buildConfigurationList = 1FA545B81BE75D9F00B73FE7 /* Build configuration list for PBXProject "3D-Touch" */;
			compatibilityVersion = "Xcode 3.2";
			developmentRegion = English;
			hasScannedForEncodings = 0;
			knownRegions = (
				en,
				Base,
			);
			mainGroup = 1FA545B41BE75D9F00B73FE7;
			productRefGroup = 1FA545BE1BE75D9F00B73FE7 /* Products */;
			projectDirPath = "";
			projectRoot = "";
			targets = (
				1FA545BC1BE75D9F00B73FE7 /* 3D-Touch */,
				1FA545D51BE75D9F00B73FE7 /* 3D-TouchTests */,
				1FA545E01BE75D9F00B73FE7 /* 3D-TouchUITests */,
			);
		};
/* End PBXProject section */

/* Begin PBXResourcesBuildPhase section */
		1FA545BB1BE75D9F00B73FE7 /* Resources */ = {
			isa = PBXResourcesBuildPhase;
			buildActionMask = 2147483647;
			files = (
				1FA545D01BE75D9F00B73FE7 /* LaunchScreen.storyboard in Resources */,
				1FA545CD1BE75D9F00B73FE7 /* Assets.xcassets in Resources */,
				1FA545CB1BE75D9F00B73FE7 /* Main.storyboard in Resources */,
			);
			runOnlyForDeploymentPostprocessing = 0;
		};
		1FA545D41BE75D9F00B73FE7 /* Resources */ = {
			isa = PBXResourcesBuildPhase;
			buildActionMask = 2147483647;
			files = (
			);
			runOnlyForDeploymentPostprocessing = 0;
		};
		1FA545DF1BE75D9F00B73FE7 /* Resources */ = {
			isa = PBXResourcesBuildPhase;
			buildActionMask = 2147483647;
			files = (
			);
			runOnlyForDeploymentPostprocessing = 0;
		};
/* End PBXResourcesBuildPhase section */

/* Begin PBXSourcesBuildPhase section */
		1FA545B91BE75D9F00B73FE7 /* Sources */ = {
			isa = PBXSourcesBuildPhase;
			buildActionMask = 2147483647;
			files = (
				1FA545C81BE75D9F00B73FE7 /* ViewController.m in Sources */,
				1FA545C51BE75D9F00B73FE7 /* AppDelegate.m in Sources */,
				1FA545C21BE75D9F00B73FE7 /* main.m in Sources */,
			);
			runOnlyForDeploymentPostprocessing = 0;
		};
		1FA545D21BE75D9F00B73FE7 /* Sources */ = {
			isa = PBXSourcesBuildPhase;
			buildActionMask = 2147483647;
			files = (
				1FA545DB1BE75D9F00B73FE7 /* _D_TouchTests.m in Sources */,
			);
			runOnlyForDeploymentPostprocessing = 0;
		};
		1FA545DD1BE75D9F00B73FE7 /* Sources */ = {
			isa = PBXSourcesBuildPhase;
			buildActionMask = 2147483647;
			files = (
				1FA545E61BE75D9F00B73FE7 /* _D_TouchUITests.m in Sources */,
			);
			runOnlyForDeploymentPostprocessing = 0;
		};
/* End PBXSourcesBuildPhase section */

/* Begin PBXTargetDependency section */
		1FA545D81BE75D9F00B73FE7 /* PBXTargetDependency */ = {
			isa = PBXTargetDependency;
			target = 1FA545BC1BE75D9F00B73FE7 /* 3D-Touch */;
			targetProxy = 1FA545D71BE75D9F00B73FE7 /* PBXContainerItemProxy */;
		};
		1FA545E31BE75D9F00B73FE7 /* PBXTargetDependency */ = {
			isa = PBXTargetDependency;
			target = 1FA545BC1BE75D9F00B73FE7 /* 3D-Touch */;
			targetProxy = 1FA545E21BE75D9F00B73FE7 /* PBXContainerItemProxy */;
		};
/* End PBXTargetDependency section */

/* Begin PBXVariantGroup section */
		1FA545C91BE75D9F00B73FE7 /* Main.storyboard */ = {
			isa = PBXVariantGroup;
			children = (
				1FA545CA1BE75D9F00B73FE7 /* Base */,
			);
			name = Main.storyboard;
			sourceTree = "<group>";
		};
		1FA545CE1BE75D9F00B73FE7 /* LaunchScreen.storyboard */ = {
			isa = PBXVariantGroup;
			children = (
				1FA545CF1BE75D9F00B73FE7 /* Base */,
			);
			name = LaunchScreen.storyboard;
			sourceTree = "<group>";
		};
/* End PBXVariantGroup section */

/* Begin XCBuildConfiguration section */
		1FA545E81BE75DA000B73FE7 /* Debug */ = {
			isa = XCBuildConfiguration;
			buildSettings = {
				ALWAYS_SEARCH_USER_PATHS = NO;
				CLANG_CXX_LANGUAGE_STANDARD = "gnu++0x";
				CLANG_CXX_LIBRARY = "libc++";
				CLANG_ENABLE_MODULES = YES;
				CLANG_ENABLE_OBJC_ARC = YES;
				CLANG_WARN_BOOL_CONVERSION = YES;
				CLANG_WARN_CONSTANT_CONVERSION = YES;
				CLANG_WARN_DIRECT_OBJC_ISA_USAGE = YES_ERROR;
				CLANG_WARN_EMPTY_BODY = YES;
				CLANG_WARN_ENUM_CONVERSION = YES;
				CLANG_WARN_INT_CONVERSION = YES;
				CLANG_WARN_OBJC_ROOT_CLASS = YES_ERROR;
				CLANG_WARN_UNREACHABLE_CODE = YES;
				CLANG_WARN__DUPLICATE_METHOD_MATCH = YES;
				"CODE_SIGN_IDENTITY[sdk=iphoneos*]" = "iPhone Developer";
				COPY_PHASE_STRIP = NO;
				DEBUG_INFORMATION_FORMAT = dwarf;
				ENABLE_STRICT_OBJC_MSGSEND = YES;
				ENABLE_TESTABILITY = YES;
				GCC_C_LANGUAGE_STANDARD = gnu99;
				GCC_DYNAMIC_NO_PIC = NO;
				GCC_NO_COMMON_BLOCKS = YES;
				GCC_OPTIMIZATION_LEVEL = 0;
				GCC_PREPROCESSOR_DEFINITIONS = (
					"DEBUG=1",
					"$(inherited)",
				);
				GCC_WARN_64_TO_32_BIT_CONVERSION = YES;
				GCC_WARN_ABOUT_RETURN_TYPE = YES_ERROR;
				GCC_WARN_UNDECLARED_SELECTOR = YES;
				GCC_WARN_UNINITIALIZED_AUTOS = YES_AGGRESSIVE;
				GCC_WARN_UNUSED_FUNCTION = YES;
				GCC_WARN_UNUSED_VARIABLE = YES;
				IPHONEOS_DEPLOYMENT_TARGET = 9.1;
				MTL_ENABLE_DEBUG_INFO = YES;
				ONLY_ACTIVE_ARCH = YES;
				SDKROOT = iphoneos;
				TARGETED_DEVICE_FAMILY = "1,2";
			};
			name = Debug;
		};
		1FA545E91BE75DA000B73FE7 /* Release */ = {
			isa = XCBuildConfiguration;
			buildSettings = {
				ALWAYS_SEARCH_USER_PATHS = NO;
				CLANG_CXX_LANGUAGE_STANDARD = "gnu++0x";
				CLANG_CXX_LIBRARY = "libc++";
				CLANG_ENABLE_MODULES = YES;
				CLANG_ENABLE_OBJC_ARC = YES;
				CLANG_WARN_BOOL_CONVERSION = YES;
				CLANG_WARN_CONSTANT_CONVERSION = YES;
				CLANG_WARN_DIRECT_OBJC_ISA_USAGE = YES_ERROR;
				CLANG_WARN_EMPTY_BODY = YES;
				CLANG_WARN_ENUM_CONVERSION = YES;
				CLANG_WARN_INT_CONVERSION = YES;
				CLANG_WARN_OBJC_ROOT_CLASS = YES_ERROR;
				CLANG_WARN_UNREACHABLE_CODE = YES;
				CLANG_WARN__DUPLICATE_METHOD_MATCH = YES;
				"CODE_SIGN_IDENTITY[sdk=iphoneos*]" = "iPhone Developer";
				COPY_PHASE_STRIP = NO;
				DEBUG_INFORMATION_FORMAT = "dwarf-with-dsym";
				ENABLE_NS_ASSERTIONS = NO;
				ENABLE_STRICT_OBJC_MSGSEND = YES;
				GCC_C_LANGUAGE_STANDARD = gnu99;
				GCC_NO_COMMON_BLOCKS = YES;
				GCC_WARN_64_TO_32_BIT_CONVERSION = YES;
				GCC_WARN_ABOUT_RETURN_TYPE = YES_ERROR;
				GCC_WARN_UNDECLARED_SELECTOR = YES;
				GCC_WARN_UNINITIALIZED_AUTOS = YES_AGGRESSIVE;
				GCC_WARN_UNUSED_FUNCTION = YES;
				GCC_WARN_UNUSED_VARIABLE = YES;
				IPHONEOS_DEPLOYMENT_TARGET = 9.1;
				MTL_ENABLE_DEBUG_INFO = NO;
				SDKROOT = iphoneos;
				TARGETED_DEVICE_FAMILY = "1,2";
				VALIDATE_PRODUCT = YES;
			};
			name = Release;
		};
		1FA545EB1BE75DA000B73FE7 /* Debug */ = {
			isa = XCBuildConfiguration;
			buildSettings = {
				ASSETCATALOG_COMPILER_APPICON_NAME = AppIcon;
				INFOPLIST_FILE = "3D-Touch/Info.plist";
				LD_RUNPATH_SEARCH_PATHS = "$(inherited) @executable_path/Frameworks";
				PRODUCT_BUNDLE_IDENTIFIER = "com.JZG.www.-D-Touch";
				PRODUCT_NAME = "$(TARGET_NAME)";
			};
			name = Debug;
		};
		1FA545EC1BE75DA000B73FE7 /* Release */ = {
			isa = XCBuildConfiguration;
			buildSettings = {
				ASSETCATALOG_COMPILER_APPICON_NAME = AppIcon;
				INFOPLIST_FILE = "3D-Touch/Info.plist";
				LD_RUNPATH_SEARCH_PATHS = "$(inherited) @executable_path/Frameworks";
				PRODUCT_BUNDLE_IDENTIFIER = "com.JZG.www.-D-Touch";
				PRODUCT_NAME = "$(TARGET_NAME)";
			};
			name = Release;
		};
		1FA545EE1BE75DA000B73FE7 /* Debug */ = {
			isa = XCBuildConfiguration;
			buildSettings = {
				BUNDLE_LOADER = "$(TEST_HOST)";
				INFOPLIST_FILE = "3D-TouchTests/Info.plist";
				LD_RUNPATH_SEARCH_PATHS = "$(inherited) @executable_path/Frameworks @loader_path/Frameworks";
				PRODUCT_BUNDLE_IDENTIFIER = "com.JZG.www.-D-TouchTests";
				PRODUCT_NAME = "$(TARGET_NAME)";
				TEST_HOST = "$(BUILT_PRODUCTS_DIR)/3D-Touch.app/3D-Touch";
			};
			name = Debug;
		};
		1FA545EF1BE75DA000B73FE7 /* Release */ = {
			isa = XCBuildConfiguration;
			buildSettings = {
				BUNDLE_LOADER = "$(TEST_HOST)";
				INFOPLIST_FILE = "3D-TouchTests/Info.plist";
				LD_RUNPATH_SEARCH_PATHS = "$(inherited) @executable_path/Frameworks @loader_path/Frameworks";
				PRODUCT_BUNDLE_IDENTIFIER = "com.JZG.www.-D-TouchTests";
				PRODUCT_NAME = "$(TARGET_NAME)";
				TEST_HOST = "$(BUILT_PRODUCTS_DIR)/3D-Touch.app/3D-Touch";
			};
			name = Release;
		};
		1FA545F11BE75DA000B73FE7 /* Debug */ = {
			isa = XCBuildConfiguration;
			buildSettings = {
				INFOPLIST_FILE = "3D-TouchUITests/Info.plist";
				LD_RUNPATH_SEARCH_PATHS = "$(inherited) @executable_path/Frameworks @loader_path/Frameworks";
				PRODUCT_BUNDLE_IDENTIFIER = "com.JZG.www.-D-TouchUITests";
				PRODUCT_NAME = "$(TARGET_NAME)";
				TEST_TARGET_NAME = "3D-Touch";
				USES_XCTRUNNER = YES;
			};
			name = Debug;
		};
		1FA545F21BE75DA000B73FE7 /* Release */ = {
			isa = XCBuildConfiguration;
			buildSettings = {
				INFOPLIST_FILE = "3D-TouchUITests/Info.plist";
				LD_RUNPATH_SEARCH_PATHS = "$(inherited) @executable_path/Frameworks @loader_path/Frameworks";
				PRODUCT_BUNDLE_IDENTIFIER = "com.JZG.www.-D-TouchUITests";
				PRODUCT_NAME = "$(TARGET_NAME)";
				TEST_TARGET_NAME = "3D-Touch";
				USES_XCTRUNNER = YES;
			};
			name = Release;
		};
/* End XCBuildConfiguration section */

/* Begin XCConfigurationList section */
		1FA545B81BE75D9F00B73FE7 /* Build configuration list for PBXProject "3D-Touch" */ = {
			isa = XCConfigurationList;
			buildConfigurations = (
				1FA545E81BE75DA000B73FE7 /* Debug */,
				1FA545E91BE75DA000B73FE7 /* Release */,
			);
			defaultConfigurationIsVisible = 0;
			defaultConfigurationName = Release;
		};
		1FA545EA1BE75DA000B73FE7 /* Build configuration list for PBXNativeTarget "3D-Touch" */ = {
			isa = XCConfigurationList;
			buildConfigurations = (
				1FA545EB1BE75DA000B73FE7 /* Debug */,
				1FA545EC1BE75DA000B73FE7 /* Release */,
			);
			defaultConfigurationIsVisible = 0;
		};
		1FA545ED1BE75DA000B73FE7 /* Build configuration list for PBXNativeTarget "3D-TouchTests" */ = {
			isa = XCConfigurationList;
			buildConfigurations = (
				1FA545EE1BE75DA000B73FE7 /* Debug */,
				1FA545EF1BE75DA000B73FE7 /* Release */,
			);
			defaultConfigurationIsVisible = 0;
		};
		1FA545F01BE75DA000B73FE7 /* Build configuration list for PBXNativeTarget "3D-TouchUITests" */ = {
			isa = XCConfigurationList;
			buildConfigurations = (
				1FA545F11BE75DA000B73FE7 /* Debug */,
				1FA545F21BE75DA000B73FE7 /* Release */,
			);
			defaultConfigurationIsVisible = 0;
		};
/* End XCConfigurationList section */
	};
	rootObject = 1FA545B51BE75D9F00B73FE7 /* Project object */;
}
